
Microsoft Visual Studio Solution File, Format Version 12.00
# Visual Studio Version 17
VisualStudioVersion = 17.10.34928.147
MinimumVisualStudioVersion = 10.0.40219.1
Project("{FAE04EC0-301F-11D3-BF4B-00C04F79EFBC}") = "Holloman_DataModelling_HW", "Holloman_DataModelling_HW\Holloman_DataModelling_HW.csproj", "{1EF702EF-D1DC-4EB6-A29F-FD28B763AC4D}"
EndProject
Global
	GlobalSection(SolutionConfigurationPlatforms) = preSolution
		Debug|Any CPU = Debug|Any CPU
		Release|Any CPU = Release|Any CPU
	EndGlobalSection
	GlobalSection(ProjectConfigurationPlatforms) = postSolution
		{1EF702EF-D1DC-4EB6-A29F-FD28B763AC4D}.Debug|Any CPU.ActiveCfg = Debug|Any CPU
		{1EF702EF-D1DC-4EB6-A29F-FD28B763AC4D}.Debug|Any CPU.Build.0 = Debug|Any CPU
		{1EF702EF-D1DC-4EB6-A29F-FD28B763AC4D}.Release|Any CPU.ActiveCfg = Release|Any CPU
		{1EF702EF-D1DC-4EB6-A29F-FD28B763AC4D}.Release|Any CPU.Build.0 = Release|Any CPU
	EndGlobalSection
	GlobalSection(SolutionProperties) = preSolution
		HideSolutionNode = FALSE
	EndGlobalSection
	GlobalSection(ExtensibilityGlobals) = postSolution
		SolutionGuid = {CD2C7E5E-91C1-4113-93F7-B89FD0D9775B}
	EndGlobalSection
EndGlobal
